// !$*UTF8*$!
{
	archiveVersion = 1;
	classes = {
	};
	objectVersion = 50;
	objects = {

/* Begin PBXBuildFile section */
		2A25CC80AEAA52436711DED9 /* Pods_UtilitiesTests.framework in Frameworks */ = {isa = PBXBuildFile; fileRef = C280C6DE6AF952AD56767055 /* Pods_UtilitiesTests.framework */; };
		7A7A387D2611F46E006E7A4A /* String+ExtensionsTests.swift in Sources */ = {isa = PBXBuildFile; fileRef = 7A7A387C2611F46E006E7A4A /* String+ExtensionsTests.swift */; };
		7A7A38832611F491006E7A4A /* UITextField+ExtensionsTests.swift in Sources */ = {isa = PBXBuildFile; fileRef = 7A7A38822611F491006E7A4A /* UITextField+ExtensionsTests.swift */; };
		7A7A38872611F4E9006E7A4A /* Int+ExtensionsTests.swift in Sources */ = {isa = PBXBuildFile; fileRef = 7A7A38862611F4E9006E7A4A /* Int+ExtensionsTests.swift */; };
		7AC2B0FC260C8C77008160B0 /* Int+Extensions.swift in Sources */ = {isa = PBXBuildFile; fileRef = 7AC2B0FB260C8C77008160B0 /* Int+Extensions.swift */; };
		7AFC73852551FF3100B30789 /* Utilities.framework in Frameworks */ = {isa = PBXBuildFile; fileRef = 7AFC737B2551FF3100B30789 /* Utilities.framework */; };
		7AFC738C2551FF3100B30789 /* Utilities.h in Headers */ = {isa = PBXBuildFile; fileRef = 7AFC737E2551FF3100B30789 /* Utilities.h */; settings = {ATTRIBUTES = (Public, ); }; };
		7AFC73BD2552001F00B30789 /* KeyboardHelper.swift in Sources */ = {isa = PBXBuildFile; fileRef = 7AFC73B72552001F00B30789 /* KeyboardHelper.swift */; };
		7AFC73BE2552001F00B30789 /* Closures.swift in Sources */ = {isa = PBXBuildFile; fileRef = 7AFC73B92552001F00B30789 /* Closures.swift */; };
		7AFC73BF2552001F00B30789 /* String+Extensions.swift in Sources */ = {isa = PBXBuildFile; fileRef = 7AFC73BB2552001F00B30789 /* String+Extensions.swift */; };
		7AFC73C02552001F00B30789 /* UITextField+Extensions.swift in Sources */ = {isa = PBXBuildFile; fileRef = 7AFC73BC2552001F00B30789 /* UITextField+Extensions.swift */; };
		7C29586D57A8D2AA126F7E9B /* Pods_Utilities.framework in Frameworks */ = {isa = PBXBuildFile; fileRef = 75300BE7C777B2B4958676D3 /* Pods_Utilities.framework */; };
		A29A02D82660FEB60078F2FA /* Keychain+Constants.swift in Sources */ = {isa = PBXBuildFile; fileRef = A29A02D72660FEB60078F2FA /* Keychain+Constants.swift */; };
		A2D7BB6D2665289700E3F3A2 /* DefaultsKeys.swift in Sources */ = {isa = PBXBuildFile; fileRef = A2D7BB6C2665289700E3F3A2 /* DefaultsKeys.swift */; };
/* End PBXBuildFile section */

/* Begin PBXContainerItemProxy section */
		7AFC73862551FF3100B30789 /* PBXContainerItemProxy */ = {
			isa = PBXContainerItemProxy;
			containerPortal = 7AFC73722551FF3100B30789 /* Project object */;
			proxyType = 1;
			remoteGlobalIDString = 7AFC737A2551FF3100B30789;
			remoteInfo = Utilities;
		};
/* End PBXContainerItemProxy section */

/* Begin PBXFileReference section */
		129B7A3B84A8824B1F5CDF53 /* Pods-Utilities.debug.xcconfig */ = {isa = PBXFileReference; includeInIndex = 1; lastKnownFileType = text.xcconfig; name = "Pods-Utilities.debug.xcconfig"; path = "Target Support Files/Pods-Utilities/Pods-Utilities.debug.xcconfig"; sourceTree = "<group>"; };
		1BEE2753D1BBC0921273C85A /* Pods-Utilities.development.xcconfig */ = {isa = PBXFileReference; includeInIndex = 1; lastKnownFileType = text.xcconfig; name = "Pods-Utilities.development.xcconfig"; path = "Target Support Files/Pods-Utilities/Pods-Utilities.development.xcconfig"; sourceTree = "<group>"; };
		75300BE7C777B2B4958676D3 /* Pods_Utilities.framework */ = {isa = PBXFileReference; explicitFileType = wrapper.framework; includeInIndex = 0; path = Pods_Utilities.framework; sourceTree = BUILT_PRODUCTS_DIR; };
		7A7A38762611F458006E7A4A /* UtilitiesTests-Bridging-Header.h */ = {isa = PBXFileReference; lastKnownFileType = sourcecode.c.h; path = "UtilitiesTests-Bridging-Header.h"; sourceTree = "<group>"; };
		7A7A387C2611F46E006E7A4A /* String+ExtensionsTests.swift */ = {isa = PBXFileReference; fileEncoding = 4; lastKnownFileType = sourcecode.swift; path = "String+ExtensionsTests.swift"; sourceTree = "<group>"; };
		7A7A38822611F491006E7A4A /* UITextField+ExtensionsTests.swift */ = {isa = PBXFileReference; lastKnownFileType = sourcecode.swift; path = "UITextField+ExtensionsTests.swift"; sourceTree = "<group>"; };
		7A7A38862611F4E9006E7A4A /* Int+ExtensionsTests.swift */ = {isa = PBXFileReference; lastKnownFileType = sourcecode.swift; path = "Int+ExtensionsTests.swift"; sourceTree = "<group>"; };
		7AC2B0FB260C8C77008160B0 /* Int+Extensions.swift */ = {isa = PBXFileReference; lastKnownFileType = sourcecode.swift; path = "Int+Extensions.swift"; sourceTree = "<group>"; };
		7AFC737B2551FF3100B30789 /* Utilities.framework */ = {isa = PBXFileReference; explicitFileType = wrapper.framework; includeInIndex = 0; path = Utilities.framework; sourceTree = BUILT_PRODUCTS_DIR; };
		7AFC737E2551FF3100B30789 /* Utilities.h */ = {isa = PBXFileReference; lastKnownFileType = sourcecode.c.h; path = Utilities.h; sourceTree = "<group>"; };
		7AFC737F2551FF3100B30789 /* Info.plist */ = {isa = PBXFileReference; lastKnownFileType = text.plist.xml; path = Info.plist; sourceTree = "<group>"; };
		7AFC73842551FF3100B30789 /* UtilitiesTests.xctest */ = {isa = PBXFileReference; explicitFileType = wrapper.cfbundle; includeInIndex = 0; path = UtilitiesTests.xctest; sourceTree = BUILT_PRODUCTS_DIR; };
		7AFC738B2551FF3100B30789 /* Info.plist */ = {isa = PBXFileReference; lastKnownFileType = text.plist.xml; path = Info.plist; sourceTree = "<group>"; };
		7AFC73B72552001F00B30789 /* KeyboardHelper.swift */ = {isa = PBXFileReference; fileEncoding = 4; lastKnownFileType = sourcecode.swift; path = KeyboardHelper.swift; sourceTree = "<group>"; };
		7AFC73B92552001F00B30789 /* Closures.swift */ = {isa = PBXFileReference; fileEncoding = 4; lastKnownFileType = sourcecode.swift; path = Closures.swift; sourceTree = "<group>"; };
		7AFC73BB2552001F00B30789 /* String+Extensions.swift */ = {isa = PBXFileReference; fileEncoding = 4; lastKnownFileType = sourcecode.swift; path = "String+Extensions.swift"; sourceTree = "<group>"; };
		7AFC73BC2552001F00B30789 /* UITextField+Extensions.swift */ = {isa = PBXFileReference; fileEncoding = 4; lastKnownFileType = sourcecode.swift; path = "UITextField+Extensions.swift"; sourceTree = "<group>"; };
		87B28B327E55A7B9E2FA0F1E /* Pods-UtilitiesTests.debug.xcconfig */ = {isa = PBXFileReference; includeInIndex = 1; lastKnownFileType = text.xcconfig; name = "Pods-UtilitiesTests.debug.xcconfig"; path = "Target Support Files/Pods-UtilitiesTests/Pods-UtilitiesTests.debug.xcconfig"; sourceTree = "<group>"; };
		A29A02D72660FEB60078F2FA /* Keychain+Constants.swift */ = {isa = PBXFileReference; lastKnownFileType = sourcecode.swift; path = "Keychain+Constants.swift"; sourceTree = "<group>"; };
		A2D7BB6C2665289700E3F3A2 /* DefaultsKeys.swift */ = {isa = PBXFileReference; lastKnownFileType = sourcecode.swift; path = DefaultsKeys.swift; sourceTree = "<group>"; };
		A9ABFFDC77E5F516F14DF869 /* Pods-UtilitiesTests.release.xcconfig */ = {isa = PBXFileReference; includeInIndex = 1; lastKnownFileType = text.xcconfig; name = "Pods-UtilitiesTests.release.xcconfig"; path = "Target Support Files/Pods-UtilitiesTests/Pods-UtilitiesTests.release.xcconfig"; sourceTree = "<group>"; };
		B822C96B6DAEE662174DE7A2 /* Pods-Utilities.release.xcconfig */ = {isa = PBXFileReference; includeInIndex = 1; lastKnownFileType = text.xcconfig; name = "Pods-Utilities.release.xcconfig"; path = "Target Support Files/Pods-Utilities/Pods-Utilities.release.xcconfig"; sourceTree = "<group>"; };
		C280C6DE6AF952AD56767055 /* Pods_UtilitiesTests.framework */ = {isa = PBXFileReference; explicitFileType = wrapper.framework; includeInIndex = 0; path = Pods_UtilitiesTests.framework; sourceTree = BUILT_PRODUCTS_DIR; };
		D4C95270F467644EECFB097D /* Pods-UtilitiesTests.development.xcconfig */ = {isa = PBXFileReference; includeInIndex = 1; lastKnownFileType = text.xcconfig; name = "Pods-UtilitiesTests.development.xcconfig"; path = "Target Support Files/Pods-UtilitiesTests/Pods-UtilitiesTests.development.xcconfig"; sourceTree = "<group>"; };
/* End PBXFileReference section */

/* Begin PBXFrameworksBuildPhase section */
		7AFC73782551FF3100B30789 /* Frameworks */ = {
			isa = PBXFrameworksBuildPhase;
			buildActionMask = 2147483647;
			files = (
				7C29586D57A8D2AA126F7E9B /* Pods_Utilities.framework in Frameworks */,
			);
			runOnlyForDeploymentPostprocessing = 0;
		};
		7AFC73812551FF3100B30789 /* Frameworks */ = {
			isa = PBXFrameworksBuildPhase;
			buildActionMask = 2147483647;
			files = (
				7AFC73852551FF3100B30789 /* Utilities.framework in Frameworks */,
				2A25CC80AEAA52436711DED9 /* Pods_UtilitiesTests.framework in Frameworks */,
			);
			runOnlyForDeploymentPostprocessing = 0;
		};
/* End PBXFrameworksBuildPhase section */

/* Begin PBXGroup section */
		7A7A387B2611F45F006E7A4A /* ExtensionsTests */ = {
			isa = PBXGroup;
			children = (
				7A7A387C2611F46E006E7A4A /* String+ExtensionsTests.swift */,
				7A7A38822611F491006E7A4A /* UITextField+ExtensionsTests.swift */,
				7A7A38862611F4E9006E7A4A /* Int+ExtensionsTests.swift */,
			);
			path = ExtensionsTests;
			sourceTree = "<group>";
		};
		7AFC73712551FF3100B30789 = {
			isa = PBXGroup;
			children = (
				7AFC737D2551FF3100B30789 /* Utilities */,
				7AFC73882551FF3100B30789 /* UtilitiesTests */,
				7AFC737C2551FF3100B30789 /* Products */,
				F76D0BFF5F649BA36E15C8A3 /* Frameworks */,
				9614522F26FAAE1411C9DA33 /* Pods */,
			);
			sourceTree = "<group>";
		};
		7AFC737C2551FF3100B30789 /* Products */ = {
			isa = PBXGroup;
			children = (
				7AFC737B2551FF3100B30789 /* Utilities.framework */,
				7AFC73842551FF3100B30789 /* UtilitiesTests.xctest */,
			);
			name = Products;
			sourceTree = "<group>";
		};
		7AFC737D2551FF3100B30789 /* Utilities */ = {
			isa = PBXGroup;
			children = (
				7AFC73B82552001F00B30789 /* Constants */,
				7AFC73BA2552001F00B30789 /* Extensions */,
				7AFC73B62552001F00B30789 /* Helper */,
				7AFC737E2551FF3100B30789 /* Utilities.h */,
				7AFC737F2551FF3100B30789 /* Info.plist */,
			);
			path = Utilities;
			sourceTree = "<group>";
		};
		7AFC73882551FF3100B30789 /* UtilitiesTests */ = {
			isa = PBXGroup;
			children = (
				7A7A387B2611F45F006E7A4A /* ExtensionsTests */,
				7AFC738B2551FF3100B30789 /* Info.plist */,
				7A7A38762611F458006E7A4A /* UtilitiesTests-Bridging-Header.h */,
			);
			path = UtilitiesTests;
			sourceTree = "<group>";
		};
		7AFC73B62552001F00B30789 /* Helper */ = {
			isa = PBXGroup;
			children = (
				7AFC73B72552001F00B30789 /* KeyboardHelper.swift */,
			);
			path = Helper;
			sourceTree = "<group>";
		};
		7AFC73B82552001F00B30789 /* Constants */ = {
			isa = PBXGroup;
			children = (
				7AFC73B92552001F00B30789 /* Closures.swift */,
				A2D7BB6C2665289700E3F3A2 /* DefaultsKeys.swift */,
				A29A02D72660FEB60078F2FA /* Keychain+Constants.swift */,
			);
			path = Constants;
			sourceTree = "<group>";
		};
		7AFC73BA2552001F00B30789 /* Extensions */ = {
			isa = PBXGroup;
			children = (
				7AFC73BB2552001F00B30789 /* String+Extensions.swift */,
				7AFC73BC2552001F00B30789 /* UITextField+Extensions.swift */,
				7AC2B0FB260C8C77008160B0 /* Int+Extensions.swift */,
			);
			path = Extensions;
			sourceTree = "<group>";
		};
		9614522F26FAAE1411C9DA33 /* Pods */ = {
			isa = PBXGroup;
			children = (
				129B7A3B84A8824B1F5CDF53 /* Pods-Utilities.debug.xcconfig */,
				B822C96B6DAEE662174DE7A2 /* Pods-Utilities.release.xcconfig */,
				1BEE2753D1BBC0921273C85A /* Pods-Utilities.development.xcconfig */,
				87B28B327E55A7B9E2FA0F1E /* Pods-UtilitiesTests.debug.xcconfig */,
				A9ABFFDC77E5F516F14DF869 /* Pods-UtilitiesTests.release.xcconfig */,
				D4C95270F467644EECFB097D /* Pods-UtilitiesTests.development.xcconfig */,
			);
			name = Pods;
			path = ../Pods;
			sourceTree = "<group>";
		};
		F76D0BFF5F649BA36E15C8A3 /* Frameworks */ = {
			isa = PBXGroup;
			children = (
				75300BE7C777B2B4958676D3 /* Pods_Utilities.framework */,
				C280C6DE6AF952AD56767055 /* Pods_UtilitiesTests.framework */,
			);
			name = Frameworks;
			sourceTree = "<group>";
		};
/* End PBXGroup section */

/* Begin PBXHeadersBuildPhase section */
		7AFC73762551FF3100B30789 /* Headers */ = {
			isa = PBXHeadersBuildPhase;
			buildActionMask = 2147483647;
			files = (
				7AFC738C2551FF3100B30789 /* Utilities.h in Headers */,
			);
			runOnlyForDeploymentPostprocessing = 0;
		};
/* End PBXHeadersBuildPhase section */

/* Begin PBXNativeTarget section */
		7AFC737A2551FF3100B30789 /* Utilities */ = {
			isa = PBXNativeTarget;
			buildConfigurationList = 7AFC738F2551FF3100B30789 /* Build configuration list for PBXNativeTarget "Utilities" */;
			buildPhases = (
				23DE22A7C5EF89A59F40E2A4 /* [CP] Check Pods Manifest.lock */,
				7AFC73762551FF3100B30789 /* Headers */,
				7AFC73772551FF3100B30789 /* Sources */,
				7AFC73782551FF3100B30789 /* Frameworks */,
				7AFC73792551FF3100B30789 /* Resources */,
			);
			buildRules = (
			);
			dependencies = (
			);
			name = Utilities;
			productName = Utilities;
			productReference = 7AFC737B2551FF3100B30789 /* Utilities.framework */;
			productType = "com.apple.product-type.framework";
		};
		7AFC73832551FF3100B30789 /* UtilitiesTests */ = {
			isa = PBXNativeTarget;
			buildConfigurationList = 7AFC73922551FF3100B30789 /* Build configuration list for PBXNativeTarget "UtilitiesTests" */;
			buildPhases = (
				EEE7437EBEDA141777AD4DFE /* [CP] Check Pods Manifest.lock */,
				7AFC73802551FF3100B30789 /* Sources */,
				7AFC73812551FF3100B30789 /* Frameworks */,
				7AFC73822551FF3100B30789 /* Resources */,
			);
			buildRules = (
			);
			dependencies = (
				7AFC73872551FF3100B30789 /* PBXTargetDependency */,
			);
			name = UtilitiesTests;
			productName = UtilitiesTests;
			productReference = 7AFC73842551FF3100B30789 /* UtilitiesTests.xctest */;
			productType = "com.apple.product-type.bundle.unit-test";
		};
/* End PBXNativeTarget section */

/* Begin PBXProject section */
		7AFC73722551FF3100B30789 /* Project object */ = {
			isa = PBXProject;
			attributes = {
				LastSwiftUpdateCheck = 1210;
				LastUpgradeCheck = 1240;
				ORGANIZATIONNAME = Mobillium;
				TargetAttributes = {
					7AFC737A2551FF3100B30789 = {
						CreatedOnToolsVersion = 12.1;
					};
					7AFC73832551FF3100B30789 = {
						CreatedOnToolsVersion = 12.1;
						LastSwiftMigration = 1240;
					};
				};
			};
			buildConfigurationList = 7AFC73752551FF3100B30789 /* Build configuration list for PBXProject "Utilities" */;
			compatibilityVersion = "Xcode 9.3";
			developmentRegion = en;
			hasScannedForEncodings = 0;
			knownRegions = (
				en,
				Base,
			);
			mainGroup = 7AFC73712551FF3100B30789;
			productRefGroup = 7AFC737C2551FF3100B30789 /* Products */;
			projectDirPath = "";
			projectRoot = "";
			targets = (
				7AFC737A2551FF3100B30789 /* Utilities */,
				7AFC73832551FF3100B30789 /* UtilitiesTests */,
			);
		};
/* End PBXProject section */

/* Begin PBXResourcesBuildPhase section */
		7AFC73792551FF3100B30789 /* Resources */ = {
			isa = PBXResourcesBuildPhase;
			buildActionMask = 2147483647;
			files = (
			);
			runOnlyForDeploymentPostprocessing = 0;
		};
		7AFC73822551FF3100B30789 /* Resources */ = {
			isa = PBXResourcesBuildPhase;
			buildActionMask = 2147483647;
			files = (
			);
			runOnlyForDeploymentPostprocessing = 0;
		};
/* End PBXResourcesBuildPhase section */

/* Begin PBXShellScriptBuildPhase section */
		23DE22A7C5EF89A59F40E2A4 /* [CP] Check Pods Manifest.lock */ = {
			isa = PBXShellScriptBuildPhase;
			buildActionMask = 2147483647;
			files = (
			);
			inputFileListPaths = (
			);
			inputPaths = (
				"${PODS_PODFILE_DIR_PATH}/Podfile.lock",
				"${PODS_ROOT}/Manifest.lock",
			);
			name = "[CP] Check Pods Manifest.lock";
			outputFileListPaths = (
			);
			outputPaths = (
				"$(DERIVED_FILE_DIR)/Pods-Utilities-checkManifestLockResult.txt",
			);
			runOnlyForDeploymentPostprocessing = 0;
			shellPath = /bin/sh;
			shellScript = "diff \"${PODS_PODFILE_DIR_PATH}/Podfile.lock\" \"${PODS_ROOT}/Manifest.lock\" > /dev/null\nif [ $? != 0 ] ; then\n    # print error to STDERR\n    echo \"error: The sandbox is not in sync with the Podfile.lock. Run 'pod install' or update your CocoaPods installation.\" >&2\n    exit 1\nfi\n# This output is used by Xcode 'outputs' to avoid re-running this script phase.\necho \"SUCCESS\" > \"${SCRIPT_OUTPUT_FILE_0}\"\n";
			showEnvVarsInLog = 0;
		};
		EEE7437EBEDA141777AD4DFE /* [CP] Check Pods Manifest.lock */ = {
			isa = PBXShellScriptBuildPhase;
			buildActionMask = 2147483647;
			files = (
			);
			inputFileListPaths = (
			);
			inputPaths = (
				"${PODS_PODFILE_DIR_PATH}/Podfile.lock",
				"${PODS_ROOT}/Manifest.lock",
			);
			name = "[CP] Check Pods Manifest.lock";
			outputFileListPaths = (
			);
			outputPaths = (
				"$(DERIVED_FILE_DIR)/Pods-UtilitiesTests-checkManifestLockResult.txt",
			);
			runOnlyForDeploymentPostprocessing = 0;
			shellPath = /bin/sh;
			shellScript = "diff \"${PODS_PODFILE_DIR_PATH}/Podfile.lock\" \"${PODS_ROOT}/Manifest.lock\" > /dev/null\nif [ $? != 0 ] ; then\n    # print error to STDERR\n    echo \"error: The sandbox is not in sync with the Podfile.lock. Run 'pod install' or update your CocoaPods installation.\" >&2\n    exit 1\nfi\n# This output is used by Xcode 'outputs' to avoid re-running this script phase.\necho \"SUCCESS\" > \"${SCRIPT_OUTPUT_FILE_0}\"\n";
			showEnvVarsInLog = 0;
		};
/* End PBXShellScriptBuildPhase section */

/* Begin PBXSourcesBuildPhase section */
		7AFC73772551FF3100B30789 /* Sources */ = {
			isa = PBXSourcesBuildPhase;
			buildActionMask = 2147483647;
			files = (
				7AFC73BD2552001F00B30789 /* KeyboardHelper.swift in Sources */,
				7AFC73C02552001F00B30789 /* UITextField+Extensions.swift in Sources */,
				7AFC73BF2552001F00B30789 /* String+Extensions.swift in Sources */,
				A29A02D82660FEB60078F2FA /* Keychain+Constants.swift in Sources */,
				A2D7BB6D2665289700E3F3A2 /* DefaultsKeys.swift in Sources */,
				7AFC73BE2552001F00B30789 /* Closures.swift in Sources */,
				7AC2B0FC260C8C77008160B0 /* Int+Extensions.swift in Sources */,
			);
			runOnlyForDeploymentPostprocessing = 0;
		};
		7AFC73802551FF3100B30789 /* Sources */ = {
			isa = PBXSourcesBuildPhase;
			buildActionMask = 2147483647;
			files = (
				7A7A387D2611F46E006E7A4A /* String+ExtensionsTests.swift in Sources */,
				7A7A38872611F4E9006E7A4A /* Int+ExtensionsTests.swift in Sources */,
				7A7A38832611F491006E7A4A /* UITextField+ExtensionsTests.swift in Sources */,
			);
			runOnlyForDeploymentPostprocessing = 0;
		};
/* End PBXSourcesBuildPhase section */

/* Begin PBXTargetDependency section */
		7AFC73872551FF3100B30789 /* PBXTargetDependency */ = {
			isa = PBXTargetDependency;
			target = 7AFC737A2551FF3100B30789 /* Utilities */;
			targetProxy = 7AFC73862551FF3100B30789 /* PBXContainerItemProxy */;
		};
/* End PBXTargetDependency section */

/* Begin XCBuildConfiguration section */
		7A6118E52594B4FD00F4CC61 /* Development */ = {
			isa = XCBuildConfiguration;
			buildSettings = {
				ALWAYS_SEARCH_USER_PATHS = NO;
				CLANG_ANALYZER_NONNULL = YES;
				CLANG_ANALYZER_NUMBER_OBJECT_CONVERSION = YES_AGGRESSIVE;
				CLANG_CXX_LANGUAGE_STANDARD = "gnu++14";
				CLANG_CXX_LIBRARY = "libc++";
				CLANG_ENABLE_MODULES = YES;
				CLANG_ENABLE_OBJC_ARC = YES;
				CLANG_ENABLE_OBJC_WEAK = YES;
				CLANG_WARN_BLOCK_CAPTURE_AUTORELEASING = YES;
				CLANG_WARN_BOOL_CONVERSION = YES;
				CLANG_WARN_COMMA = YES;
				CLANG_WARN_CONSTANT_CONVERSION = YES;
				CLANG_WARN_DEPRECATED_OBJC_IMPLEMENTATIONS = YES;
				CLANG_WARN_DIRECT_OBJC_ISA_USAGE = YES_ERROR;
				CLANG_WARN_DOCUMENTATION_COMMENTS = YES;
				CLANG_WARN_EMPTY_BODY = YES;
				CLANG_WARN_ENUM_CONVERSION = YES;
				CLANG_WARN_INFINITE_RECURSION = YES;
				CLANG_WARN_INT_CONVERSION = YES;
				CLANG_WARN_NON_LITERAL_NULL_CONVERSION = YES;
				CLANG_WARN_OBJC_IMPLICIT_RETAIN_SELF = YES;
				CLANG_WARN_OBJC_LITERAL_CONVERSION = YES;
				CLANG_WARN_OBJC_ROOT_CLASS = YES_ERROR;
				CLANG_WARN_QUOTED_INCLUDE_IN_FRAMEWORK_HEADER = YES;
				CLANG_WARN_RANGE_LOOP_ANALYSIS = YES;
				CLANG_WARN_STRICT_PROTOTYPES = YES;
				CLANG_WARN_SUSPICIOUS_MOVE = YES;
				CLANG_WARN_UNGUARDED_AVAILABILITY = YES_AGGRESSIVE;
				CLANG_WARN_UNREACHABLE_CODE = YES;
				CLANG_WARN__DUPLICATE_METHOD_MATCH = YES;
				COPY_PHASE_STRIP = NO;
				CURRENT_PROJECT_VERSION = 1;
				DEBUG_INFORMATION_FORMAT = "dwarf-with-dsym";
				ENABLE_NS_ASSERTIONS = NO;
				ENABLE_STRICT_OBJC_MSGSEND = YES;
				ENABLE_TESTABILITY = YES;
				GCC_C_LANGUAGE_STANDARD = gnu11;
				GCC_NO_COMMON_BLOCKS = YES;
				GCC_WARN_64_TO_32_BIT_CONVERSION = YES;
				GCC_WARN_ABOUT_RETURN_TYPE = YES_ERROR;
				GCC_WARN_UNDECLARED_SELECTOR = YES;
				GCC_WARN_UNINITIALIZED_AUTOS = YES_AGGRESSIVE;
				GCC_WARN_UNUSED_FUNCTION = YES;
				GCC_WARN_UNUSED_VARIABLE = YES;
				IPHONEOS_DEPLOYMENT_TARGET = 13.0;
				MTL_ENABLE_DEBUG_INFO = NO;
				MTL_FAST_MATH = YES;
				ONLY_ACTIVE_ARCH = YES;
				SDKROOT = iphoneos;
				SWIFT_COMPILATION_MODE = wholemodule;
				SWIFT_OPTIMIZATION_LEVEL = "-O";
				VALIDATE_PRODUCT = YES;
				VERSIONING_SYSTEM = "apple-generic";
				VERSION_INFO_PREFIX = "";
			};
			name = Development;
		};
		7A6118E62594B4FD00F4CC61 /* Development */ = {
			isa = XCBuildConfiguration;
			baseConfigurationReference = 1BEE2753D1BBC0921273C85A /* Pods-Utilities.development.xcconfig */;
			buildSettings = {
				CODE_SIGN_STYLE = Automatic;
				DEFINES_MODULE = YES;
				DEVELOPMENT_TEAM = 4PWC9KX3UT;
				DYLIB_COMPATIBILITY_VERSION = 1;
				DYLIB_CURRENT_VERSION = 1;
				DYLIB_INSTALL_NAME_BASE = "@rpath";
				"EXCLUDED_ARCHS[sdk=iphonesimulator*]" = arm64;
				INFOPLIST_FILE = Utilities/Info.plist;
				INSTALL_PATH = "$(LOCAL_LIBRARY_DIR)/Frameworks";
				LD_RUNPATH_SEARCH_PATHS = (
					"$(inherited)",
					"@executable_path/Frameworks",
					"@loader_path/Frameworks",
				);
				MARKETING_VERSION = 1.0.0;
				PRODUCT_BUNDLE_IDENTIFIER = com.mobillium.sampleproject.utilities;
				PRODUCT_NAME = "$(TARGET_NAME:c99extidentifier)";
				SKIP_INSTALL = YES;
				SUPPORTS_MACCATALYST = NO;
				SWIFT_VERSION = 5.0;
				TARGETED_DEVICE_FAMILY = "1,2";
			};
			name = Development;
		};
		7A6118E72594B4FD00F4CC61 /* Development */ = {
			isa = XCBuildConfiguration;
			baseConfigurationReference = D4C95270F467644EECFB097D /* Pods-UtilitiesTests.development.xcconfig */;
			buildSettings = {
				ALWAYS_EMBED_SWIFT_STANDARD_LIBRARIES = YES;
				CLANG_ENABLE_MODULES = YES;
				CODE_SIGN_STYLE = Automatic;
				DEVELOPMENT_TEAM = 6WJEW78823;
				"EXCLUDED_ARCHS[sdk=iphonesimulator*]" = arm64;
				INFOPLIST_FILE = UtilitiesTests/Info.plist;
				LD_RUNPATH_SEARCH_PATHS = (
					"$(inherited)",
					"@executable_path/Frameworks",
					"@loader_path/Frameworks",
				);
				ONLY_ACTIVE_ARCH = YES;
				PRODUCT_BUNDLE_IDENTIFIER = com.aslanmehmetsalih.UtilitiesTests;
				PRODUCT_NAME = "$(TARGET_NAME)";
				SWIFT_OBJC_BRIDGING_HEADER = "UtilitiesTests/UtilitiesTests-Bridging-Header.h";
				SWIFT_VERSION = 5.0;
				TARGETED_DEVICE_FAMILY = "1,2";
			};
			name = Development;
		};
		7AFC738D2551FF3100B30789 /* Debug */ = {
			isa = XCBuildConfiguration;
			buildSettings = {
				ALWAYS_SEARCH_USER_PATHS = NO;
				CLANG_ANALYZER_NONNULL = YES;
				CLANG_ANALYZER_NUMBER_OBJECT_CONVERSION = YES_AGGRESSIVE;
				CLANG_CXX_LANGUAGE_STANDARD = "gnu++14";
				CLANG_CXX_LIBRARY = "libc++";
				CLANG_ENABLE_MODULES = YES;
				CLANG_ENABLE_OBJC_ARC = YES;
				CLANG_ENABLE_OBJC_WEAK = YES;
				CLANG_WARN_BLOCK_CAPTURE_AUTORELEASING = YES;
				CLANG_WARN_BOOL_CONVERSION = YES;
				CLANG_WARN_COMMA = YES;
				CLANG_WARN_CONSTANT_CONVERSION = YES;
				CLANG_WARN_DEPRECATED_OBJC_IMPLEMENTATIONS = YES;
				CLANG_WARN_DIRECT_OBJC_ISA_USAGE = YES_ERROR;
				CLANG_WARN_DOCUMENTATION_COMMENTS = YES;
				CLANG_WARN_EMPTY_BODY = YES;
				CLANG_WARN_ENUM_CONVERSION = YES;
				CLANG_WARN_INFINITE_RECURSION = YES;
				CLANG_WARN_INT_CONVERSION = YES;
				CLANG_WARN_NON_LITERAL_NULL_CONVERSION = YES;
				CLANG_WARN_OBJC_IMPLICIT_RETAIN_SELF = YES;
				CLANG_WARN_OBJC_LITERAL_CONVERSION = YES;
				CLANG_WARN_OBJC_ROOT_CLASS = YES_ERROR;
				CLANG_WARN_QUOTED_INCLUDE_IN_FRAMEWORK_HEADER = YES;
				CLANG_WARN_RANGE_LOOP_ANALYSIS = YES;
				CLANG_WARN_STRICT_PROTOTYPES = YES;
				CLANG_WARN_SUSPICIOUS_MOVE = YES;
				CLANG_WARN_UNGUARDED_AVAILABILITY = YES_AGGRESSIVE;
				CLANG_WARN_UNREACHABLE_CODE = YES;
				CLANG_WARN__DUPLICATE_METHOD_MATCH = YES;
				COPY_PHASE_STRIP = NO;
				CURRENT_PROJECT_VERSION = 1;
				DEBUG_INFORMATION_FORMAT = dwarf;
				ENABLE_STRICT_OBJC_MSGSEND = YES;
				ENABLE_TESTABILITY = YES;
				GCC_C_LANGUAGE_STANDARD = gnu11;
				GCC_DYNAMIC_NO_PIC = NO;
				GCC_NO_COMMON_BLOCKS = YES;
				GCC_OPTIMIZATION_LEVEL = 0;
				GCC_PREPROCESSOR_DEFINITIONS = (
					"DEBUG=1",
					"$(inherited)",
				);
				GCC_WARN_64_TO_32_BIT_CONVERSION = YES;
				GCC_WARN_ABOUT_RETURN_TYPE = YES_ERROR;
				GCC_WARN_UNDECLARED_SELECTOR = YES;
				GCC_WARN_UNINITIALIZED_AUTOS = YES_AGGRESSIVE;
				GCC_WARN_UNUSED_FUNCTION = YES;
				GCC_WARN_UNUSED_VARIABLE = YES;
				IPHONEOS_DEPLOYMENT_TARGET = 13.0;
				MTL_ENABLE_DEBUG_INFO = INCLUDE_SOURCE;
				MTL_FAST_MATH = YES;
				ONLY_ACTIVE_ARCH = YES;
				SDKROOT = iphoneos;
				SWIFT_ACTIVE_COMPILATION_CONDITIONS = DEBUG;
				SWIFT_OPTIMIZATION_LEVEL = "-Onone";
				VERSIONING_SYSTEM = "apple-generic";
				VERSION_INFO_PREFIX = "";
			};
			name = Debug;
		};
		7AFC738E2551FF3100B30789 /* Release */ = {
			isa = XCBuildConfiguration;
			buildSettings = {
				ALWAYS_SEARCH_USER_PATHS = NO;
				CLANG_ANALYZER_NONNULL = YES;
				CLANG_ANALYZER_NUMBER_OBJECT_CONVERSION = YES_AGGRESSIVE;
				CLANG_CXX_LANGUAGE_STANDARD = "gnu++14";
				CLANG_CXX_LIBRARY = "libc++";
				CLANG_ENABLE_MODULES = YES;
				CLANG_ENABLE_OBJC_ARC = YES;
				CLANG_ENABLE_OBJC_WEAK = YES;
				CLANG_WARN_BLOCK_CAPTURE_AUTORELEASING = YES;
				CLANG_WARN_BOOL_CONVERSION = YES;
				CLANG_WARN_COMMA = YES;
				CLANG_WARN_CONSTANT_CONVERSION = YES;
				CLANG_WARN_DEPRECATED_OBJC_IMPLEMENTATIONS = YES;
				CLANG_WARN_DIRECT_OBJC_ISA_USAGE = YES_ERROR;
				CLANG_WARN_DOCUMENTATION_COMMENTS = YES;
				CLANG_WARN_EMPTY_BODY = YES;
				CLANG_WARN_ENUM_CONVERSION = YES;
				CLANG_WARN_INFINITE_RECURSION = YES;
				CLANG_WARN_INT_CONVERSION = YES;
				CLANG_WARN_NON_LITERAL_NULL_CONVERSION = YES;
				CLANG_WARN_OBJC_IMPLICIT_RETAIN_SELF = YES;
				CLANG_WARN_OBJC_LITERAL_CONVERSION = YES;
				CLANG_WARN_OBJC_ROOT_CLASS = YES_ERROR;
				CLANG_WARN_QUOTED_INCLUDE_IN_FRAMEWORK_HEADER = YES;
				CLANG_WARN_RANGE_LOOP_ANALYSIS = YES;
				CLANG_WARN_STRICT_PROTOTYPES = YES;
				CLANG_WARN_SUSPICIOUS_MOVE = YES;
				CLANG_WARN_UNGUARDED_AVAILABILITY = YES_AGGRESSIVE;
				CLANG_WARN_UNREACHABLE_CODE = YES;
				CLANG_WARN__DUPLICATE_METHOD_MATCH = YES;
				COPY_PHASE_STRIP = NO;
				CURRENT_PROJECT_VERSION = 1;
				DEBUG_INFORMATION_FORMAT = "dwarf-with-dsym";
				ENABLE_NS_ASSERTIONS = NO;
				ENABLE_STRICT_OBJC_MSGSEND = YES;
				GCC_C_LANGUAGE_STANDARD = gnu11;
				GCC_NO_COMMON_BLOCKS = YES;
				GCC_WARN_64_TO_32_BIT_CONVERSION = YES;
				GCC_WARN_ABOUT_RETURN_TYPE = YES_ERROR;
				GCC_WARN_UNDECLARED_SELECTOR = YES;
				GCC_WARN_UNINITIALIZED_AUTOS = YES_AGGRESSIVE;
				GCC_WARN_UNUSED_FUNCTION = YES;
				GCC_WARN_UNUSED_VARIABLE = YES;
				IPHONEOS_DEPLOYMENT_TARGET = 13.0;
				MTL_ENABLE_DEBUG_INFO = NO;
				MTL_FAST_MATH = YES;
				SDKROOT = iphoneos;
				SWIFT_COMPILATION_MODE = wholemodule;
				SWIFT_OPTIMIZATION_LEVEL = "-O";
				VALIDATE_PRODUCT = YES;
				VERSIONING_SYSTEM = "apple-generic";
				VERSION_INFO_PREFIX = "";
			};
			name = Release;
		};
		7AFC73902551FF3100B30789 /* Debug */ = {
			isa = XCBuildConfiguration;
			baseConfigurationReference = 129B7A3B84A8824B1F5CDF53 /* Pods-Utilities.debug.xcconfig */;
			buildSettings = {
				CODE_SIGN_STYLE = Automatic;
				DEFINES_MODULE = YES;
				DEVELOPMENT_TEAM = 4PWC9KX3UT;
				DYLIB_COMPATIBILITY_VERSION = 1;
				DYLIB_CURRENT_VERSION = 1;
				DYLIB_INSTALL_NAME_BASE = "@rpath";
				"EXCLUDED_ARCHS[sdk=iphonesimulator*]" = arm64;
				INFOPLIST_FILE = Utilities/Info.plist;
				INSTALL_PATH = "$(LOCAL_LIBRARY_DIR)/Frameworks";
				LD_RUNPATH_SEARCH_PATHS = (
					"$(inherited)",
					"@executable_path/Frameworks",
					"@loader_path/Frameworks",
				);
				MARKETING_VERSION = 1.0.0;
				PRODUCT_BUNDLE_IDENTIFIER = com.mobillium.sampleproject.utilities;
				PRODUCT_NAME = "$(TARGET_NAME:c99extidentifier)";
				SKIP_INSTALL = YES;
				SUPPORTS_MACCATALYST = NO;
				SWIFT_VERSION = 5.0;
				TARGETED_DEVICE_FAMILY = "1,2";
			};
			name = Debug;
		};
		7AFC73912551FF3100B30789 /* Release */ = {
			isa = XCBuildConfiguration;
			baseConfigurationReference = B822C96B6DAEE662174DE7A2 /* Pods-Utilities.release.xcconfig */;
			buildSettings = {
				CODE_SIGN_STYLE = Automatic;
				DEFINES_MODULE = YES;
				DEVELOPMENT_TEAM = 4PWC9KX3UT;
				DYLIB_COMPATIBILITY_VERSION = 1;
				DYLIB_CURRENT_VERSION = 1;
				DYLIB_INSTALL_NAME_BASE = "@rpath";
				"EXCLUDED_ARCHS[sdk=iphonesimulator*]" = arm64;
				INFOPLIST_FILE = Utilities/Info.plist;
				INSTALL_PATH = "$(LOCAL_LIBRARY_DIR)/Frameworks";
				LD_RUNPATH_SEARCH_PATHS = (
					"$(inherited)",
					"@executable_path/Frameworks",
					"@loader_path/Frameworks",
				);
				MARKETING_VERSION = 1.0.0;
				ONLY_ACTIVE_ARCH = YES;
				PRODUCT_BUNDLE_IDENTIFIER = com.mobillium.sampleproject.utilities;
				PRODUCT_NAME = "$(TARGET_NAME:c99extidentifier)";
				SKIP_INSTALL = YES;
				SUPPORTS_MACCATALYST = NO;
				SWIFT_VERSION = 5.0;
				TARGETED_DEVICE_FAMILY = "1,2";
			};
			name = Release;
		};
		7AFC73932551FF3100B30789 /* Debug */ = {
			isa = XCBuildConfiguration;
			baseConfigurationReference = 87B28B327E55A7B9E2FA0F1E /* Pods-UtilitiesTests.debug.xcconfig */;
			buildSettings = {
				ALWAYS_EMBED_SWIFT_STANDARD_LIBRARIES = YES;
				CLANG_ENABLE_MODULES = YES;
				CODE_SIGN_STYLE = Automatic;
				DEVELOPMENT_TEAM = 6WJEW78823;
				"EXCLUDED_ARCHS[sdk=iphonesimulator*]" = arm64;
				INFOPLIST_FILE = UtilitiesTests/Info.plist;
				LD_RUNPATH_SEARCH_PATHS = (
					"$(inherited)",
					"@executable_path/Frameworks",
					"@loader_path/Frameworks",
				);
				ONLY_ACTIVE_ARCH = YES;
				PRODUCT_BUNDLE_IDENTIFIER = com.aslanmehmetsalih.UtilitiesTests;
				PRODUCT_NAME = "$(TARGET_NAME)";
				SWIFT_OBJC_BRIDGING_HEADER = "UtilitiesTests/UtilitiesTests-Bridging-Header.h";
				SWIFT_OPTIMIZATION_LEVEL = "-Onone";
				SWIFT_VERSION = 5.0;
				TARGETED_DEVICE_FAMILY = "1,2";
			};
			name = Debug;
		};
		7AFC73942551FF3100B30789 /* Release */ = {
			isa = XCBuildConfiguration;
			baseConfigurationReference = A9ABFFDC77E5F516F14DF869 /* Pods-UtilitiesTests.release.xcconfig */;
			buildSettings = {
				ALWAYS_EMBED_SWIFT_STANDARD_LIBRARIES = YES;
				CLANG_ENABLE_MODULES = YES;
				CODE_SIGN_STYLE = Automatic;
				DEVELOPMENT_TEAM = 6WJEW78823;
				"EXCLUDED_ARCHS[sdk=iphonesimulator*]" = arm64;
				INFOPLIST_FILE = UtilitiesTests/Info.plist;
				LD_RUNPATH_SEARCH_PATHS = (
					"$(inherited)",
					"@executable_path/Frameworks",
					"@loader_path/Frameworks",
				);
				ONLY_ACTIVE_ARCH = YES;
				PRODUCT_BUNDLE_IDENTIFIER = com.aslanmehmetsalih.UtilitiesTests;
				PRODUCT_NAME = "$(TARGET_NAME)";
				SWIFT_OBJC_BRIDGING_HEADER = "UtilitiesTests/UtilitiesTests-Bridging-Header.h";
				SWIFT_VERSION = 5.0;
				TARGETED_DEVICE_FAMILY = "1,2";
			};
			name = Release;
		};
/* End XCBuildConfiguration section */

/* Begin XCConfigurationList section */
		7AFC73752551FF3100B30789 /* Build configuration list for PBXProject "Utilities" */ = {
			isa = XCConfigurationList;
			buildConfigurations = (
				7AFC738D2551FF3100B30789 /* Debug */,
				7AFC738E2551FF3100B30789 /* Release */,
				7A6118E52594B4FD00F4CC61 /* Development */,
			);
			defaultConfigurationIsVisible = 0;
			defaultConfigurationName = Release;
		};
		7AFC738F2551FF3100B30789 /* Build configuration list for PBXNativeTarget "Utilities" */ = {
			isa = XCConfigurationList;
			buildConfigurations = (
				7AFC73902551FF3100B30789 /* Debug */,
				7AFC73912551FF3100B30789 /* Release */,
				7A6118E62594B4FD00F4CC61 /* Development */,
			);
			defaultConfigurationIsVisible = 0;
			defaultConfigurationName = Release;
		};
		7AFC73922551FF3100B30789 /* Build configuration list for PBXNativeTarget "UtilitiesTests" */ = {
			isa = XCConfigurationList;
			buildConfigurations = (
				7AFC73932551FF3100B30789 /* Debug */,
				7AFC73942551FF3100B30789 /* Release */,
				7A6118E72594B4FD00F4CC61 /* Development */,
			);
			defaultConfigurationIsVisible = 0;
			defaultConfigurationName = Release;
		};
/* End XCConfigurationList section */
	};
	rootObject = 7AFC73722551FF3100B30789 /* Project object */;
}
