// !$*UTF8*$!
{
	archiveVersion = 1;
	classes = {
	};
	objectVersion = 56;
	objects = {

/* Begin PBXBuildFile section */
		3D342BBF28DCA0B900BA422F /* UIComponentsPackages in Frameworks */ = {isa = PBXBuildFile; productRef = 3D342BBE28DCA0B900BA422F /* UIComponentsPackages */; };
		3D342BC228DCA3A900BA422F /* swiftgen.yml in Sources */ = {isa = PBXBuildFile; fileRef = 3D342BC128DCA3A900BA422F /* swiftgen.yml */; };
		3D342BC428DCA40000BA422F /* Fonts.swift in Sources */ = {isa = PBXBuildFile; fileRef = 3D342BC328DCA40000BA422F /* Fonts.swift */; };
		3D342BCE28DCA4FF00BA422F /* Nunito-Bold.ttf in Resources */ = {isa = PBXBuildFile; fileRef = 3D342BCB28DCA4FF00BA422F /* Nunito-Bold.ttf */; };
		3D342BCF28DCA4FF00BA422F /* Nunito-SemiBold.ttf in Resources */ = {isa = PBXBuildFile; fileRef = 3D342BCC28DCA4FF00BA422F /* Nunito-SemiBold.ttf */; };
		3D342BD028DCA4FF00BA422F /* Nunito-ExtraBold.ttf in Resources */ = {isa = PBXBuildFile; fileRef = 3D342BCD28DCA4FF00BA422F /* Nunito-ExtraBold.ttf */; };
		3D342BDA28DCA56700BA422F /* UIImage+Images.swift in Sources */ = {isa = PBXBuildFile; fileRef = 3D342BD328DCA56700BA422F /* UIImage+Images.swift */; };
		3D342BDB28DCA56700BA422F /* Assets.swift in Sources */ = {isa = PBXBuildFile; fileRef = 3D342BD428DCA56700BA422F /* Assets.swift */; };
		3D342BDC28DCA56700BA422F /* UIImage+Icons.swift in Sources */ = {isa = PBXBuildFile; fileRef = 3D342BD528DCA56700BA422F /* UIImage+Icons.swift */; };
		3D342BDD28DCA56700BA422F /* Icons.xcassets in Resources */ = {isa = PBXBuildFile; fileRef = 3D342BD628DCA56700BA422F /* Icons.xcassets */; };
		3D342BDE28DCA56700BA422F /* Images.xcassets in Resources */ = {isa = PBXBuildFile; fileRef = 3D342BD728DCA56700BA422F /* Images.xcassets */; };
		3D342BDF28DCA56700BA422F /* UIColor+Colors.swift in Sources */ = {isa = PBXBuildFile; fileRef = 3D342BD828DCA56700BA422F /* UIColor+Colors.swift */; };
		3D342BE028DCA56700BA422F /* Colors.xcassets in Resources */ = {isa = PBXBuildFile; fileRef = 3D342BD928DCA56700BA422F /* Colors.xcassets */; };
		3D342BE828DCA5A200BA422F /* Modules.strings in Resources */ = {isa = PBXBuildFile; fileRef = 3D342BE228DCA5A100BA422F /* Modules.strings */; };
		3D342BE928DCA5A200BA422F /* General.strings in Resources */ = {isa = PBXBuildFile; fileRef = 3D342BE328DCA5A100BA422F /* General.strings */; };
		3D342BEA28DCA5A200BA422F /* Error.strings in Resources */ = {isa = PBXBuildFile; fileRef = 3D342BE428DCA5A100BA422F /* Error.strings */; };
		3D342BEB28DCA5A200BA422F /* Componenets.strings in Resources */ = {isa = PBXBuildFile; fileRef = 3D342BE528DCA5A100BA422F /* Componenets.strings */; };
		3D342BEC28DCA5A200BA422F /* Placeholder.strings in Resources */ = {isa = PBXBuildFile; fileRef = 3D342BE628DCA5A100BA422F /* Placeholder.strings */; };
		3D342BED28DCA5A200BA422F /* StringConstants.swift in Sources */ = {isa = PBXBuildFile; fileRef = 3D342BE728DCA5A200BA422F /* StringConstants.swift */; };
		3D342BEF28DCA6B300BA422F /* Font+Extensions.swift in Sources */ = {isa = PBXBuildFile; fileRef = 3D342BEE28DCA6B300BA422F /* Font+Extensions.swift */; };
		3D6962C728DCAE54004CB727 /* OnboardingView.swift in Sources */ = {isa = PBXBuildFile; fileRef = 3D6962C628DCAE54004CB727 /* OnboardingView.swift */; };
		3D6962C928DCAE5C004CB727 /* OnboardingViewModel.swift in Sources */ = {isa = PBXBuildFile; fileRef = 3D6962C828DCAE5C004CB727 /* OnboardingViewModel.swift */; };
		3DAE91C228EF18D3003FF3AA /* Color+Extensions.swift in Sources */ = {isa = PBXBuildFile; fileRef = 3DAE91C128EF18D3003FF3AA /* Color+Extensions.swift */; };
		3DAE91C528EF1996003FF3AA /* PageControl.swift in Sources */ = {isa = PBXBuildFile; fileRef = 3DAE91C428EF1996003FF3AA /* PageControl.swift */; };
		3DAE91C728EF267C003FF3AA /* EnvironmentValues+Extensions.swift in Sources */ = {isa = PBXBuildFile; fileRef = 3DAE91C628EF267C003FF3AA /* EnvironmentValues+Extensions.swift */; };
		3DAE91C928EF26C3003FF3AA /* UIEdgeInsets+Extensions.swift in Sources */ = {isa = PBXBuildFile; fileRef = 3DAE91C828EF26C3003FF3AA /* UIEdgeInsets+Extensions.swift */; };
		3DCBDA2928EF135700F69962 /* PrimaryLargeButton.swift in Sources */ = {isa = PBXBuildFile; fileRef = 3DCBDA2828EF135700F69962 /* PrimaryLargeButton.swift */; };
		3DDAA06E28D3661F0015840C /* UIComponents.docc in Sources */ = {isa = PBXBuildFile; fileRef = 3DDAA06D28D3661F0015840C /* UIComponents.docc */; };
		3DDAA07428D3661F0015840C /* UIComponents.framework in Frameworks */ = {isa = PBXBuildFile; fileRef = 3DDAA06928D3661F0015840C /* UIComponents.framework */; };
		3DDAA07928D3661F0015840C /* UIComponentsTests.swift in Sources */ = {isa = PBXBuildFile; fileRef = 3DDAA07828D3661F0015840C /* UIComponentsTests.swift */; };
		3DDAA07A28D3661F0015840C /* UIComponents.h in Headers */ = {isa = PBXBuildFile; fileRef = 3DDAA06C28D3661F0015840C /* UIComponents.h */; settings = {ATTRIBUTES = (Public, ); }; };
		3DDAA12528D3741C0015840C /* FullScreenLoadingView.swift in Sources */ = {isa = PBXBuildFile; fileRef = 3DDAA12428D3741C0015840C /* FullScreenLoadingView.swift */; };
/* End PBXBuildFile section */

/* Begin PBXContainerItemProxy section */
		3DDAA07528D3661F0015840C /* PBXContainerItemProxy */ = {
			isa = PBXContainerItemProxy;
			containerPortal = 3DDAA06028D3661F0015840C /* Project object */;
			proxyType = 1;
			remoteGlobalIDString = 3DDAA06828D3661F0015840C;
			remoteInfo = UIComponents;
		};
/* End PBXContainerItemProxy section */

/* Begin PBXFileReference section */
		3D342BB928DC9EDE00BA422F /* Info.plist */ = {isa = PBXFileReference; lastKnownFileType = text.plist; path = Info.plist; sourceTree = "<group>"; };
		3D342BC128DCA3A900BA422F /* swiftgen.yml */ = {isa = PBXFileReference; lastKnownFileType = text.yaml; path = swiftgen.yml; sourceTree = "<group>"; };
		3D342BC328DCA40000BA422F /* Fonts.swift */ = {isa = PBXFileReference; lastKnownFileType = sourcecode.swift; path = Fonts.swift; sourceTree = "<group>"; };
		3D342BCB28DCA4FF00BA422F /* Nunito-Bold.ttf */ = {isa = PBXFileReference; lastKnownFileType = file; path = "Nunito-Bold.ttf"; sourceTree = "<group>"; };
		3D342BCC28DCA4FF00BA422F /* Nunito-SemiBold.ttf */ = {isa = PBXFileReference; lastKnownFileType = file; path = "Nunito-SemiBold.ttf"; sourceTree = "<group>"; };
		3D342BCD28DCA4FF00BA422F /* Nunito-ExtraBold.ttf */ = {isa = PBXFileReference; lastKnownFileType = file; path = "Nunito-ExtraBold.ttf"; sourceTree = "<group>"; };
		3D342BD328DCA56700BA422F /* UIImage+Images.swift */ = {isa = PBXFileReference; fileEncoding = 4; lastKnownFileType = sourcecode.swift; path = "UIImage+Images.swift"; sourceTree = "<group>"; };
		3D342BD428DCA56700BA422F /* Assets.swift */ = {isa = PBXFileReference; fileEncoding = 4; lastKnownFileType = sourcecode.swift; path = Assets.swift; sourceTree = "<group>"; };
		3D342BD528DCA56700BA422F /* UIImage+Icons.swift */ = {isa = PBXFileReference; fileEncoding = 4; lastKnownFileType = sourcecode.swift; path = "UIImage+Icons.swift"; sourceTree = "<group>"; };
		3D342BD628DCA56700BA422F /* Icons.xcassets */ = {isa = PBXFileReference; lastKnownFileType = folder.assetcatalog; path = Icons.xcassets; sourceTree = "<group>"; };
		3D342BD728DCA56700BA422F /* Images.xcassets */ = {isa = PBXFileReference; lastKnownFileType = folder.assetcatalog; path = Images.xcassets; sourceTree = "<group>"; };
		3D342BD828DCA56700BA422F /* UIColor+Colors.swift */ = {isa = PBXFileReference; fileEncoding = 4; lastKnownFileType = sourcecode.swift; path = "UIColor+Colors.swift"; sourceTree = "<group>"; };
		3D342BD928DCA56700BA422F /* Colors.xcassets */ = {isa = PBXFileReference; lastKnownFileType = folder.assetcatalog; path = Colors.xcassets; sourceTree = "<group>"; };
		3D342BE228DCA5A100BA422F /* Modules.strings */ = {isa = PBXFileReference; fileEncoding = 4; lastKnownFileType = text.plist.strings; path = Modules.strings; sourceTree = "<group>"; };
		3D342BE328DCA5A100BA422F /* General.strings */ = {isa = PBXFileReference; fileEncoding = 4; lastKnownFileType = text.plist.strings; path = General.strings; sourceTree = "<group>"; };
		3D342BE428DCA5A100BA422F /* Error.strings */ = {isa = PBXFileReference; fileEncoding = 4; lastKnownFileType = text.plist.strings; path = Error.strings; sourceTree = "<group>"; };
		3D342BE528DCA5A100BA422F /* Componenets.strings */ = {isa = PBXFileReference; fileEncoding = 4; lastKnownFileType = text.plist.strings; path = Componenets.strings; sourceTree = "<group>"; };
		3D342BE628DCA5A100BA422F /* Placeholder.strings */ = {isa = PBXFileReference; fileEncoding = 4; lastKnownFileType = text.plist.strings; path = Placeholder.strings; sourceTree = "<group>"; };
		3D342BE728DCA5A200BA422F /* StringConstants.swift */ = {isa = PBXFileReference; fileEncoding = 4; lastKnownFileType = sourcecode.swift; path = StringConstants.swift; sourceTree = "<group>"; };
		3D342BEE28DCA6B300BA422F /* Font+Extensions.swift */ = {isa = PBXFileReference; fileEncoding = 4; lastKnownFileType = sourcecode.swift; path = "Font+Extensions.swift"; sourceTree = "<group>"; };
		3D6962C628DCAE54004CB727 /* OnboardingView.swift */ = {isa = PBXFileReference; lastKnownFileType = sourcecode.swift; path = OnboardingView.swift; sourceTree = "<group>"; };
		3D6962C828DCAE5C004CB727 /* OnboardingViewModel.swift */ = {isa = PBXFileReference; lastKnownFileType = sourcecode.swift; path = OnboardingViewModel.swift; sourceTree = "<group>"; };
		3DAE91C128EF18D3003FF3AA /* Color+Extensions.swift */ = {isa = PBXFileReference; lastKnownFileType = sourcecode.swift; path = "Color+Extensions.swift"; sourceTree = "<group>"; };
		3DAE91C428EF1996003FF3AA /* PageControl.swift */ = {isa = PBXFileReference; lastKnownFileType = sourcecode.swift; path = PageControl.swift; sourceTree = "<group>"; };
		3DAE91C628EF267C003FF3AA /* EnvironmentValues+Extensions.swift */ = {isa = PBXFileReference; lastKnownFileType = sourcecode.swift; path = "EnvironmentValues+Extensions.swift"; sourceTree = "<group>"; };
		3DAE91C828EF26C3003FF3AA /* UIEdgeInsets+Extensions.swift */ = {isa = PBXFileReference; lastKnownFileType = sourcecode.swift; path = "UIEdgeInsets+Extensions.swift"; sourceTree = "<group>"; };
		3DCBDA2828EF135700F69962 /* PrimaryLargeButton.swift */ = {isa = PBXFileReference; lastKnownFileType = sourcecode.swift; path = PrimaryLargeButton.swift; sourceTree = "<group>"; };
		3DDAA06928D3661F0015840C /* UIComponents.framework */ = {isa = PBXFileReference; explicitFileType = wrapper.framework; includeInIndex = 0; path = UIComponents.framework; sourceTree = BUILT_PRODUCTS_DIR; };
		3DDAA06C28D3661F0015840C /* UIComponents.h */ = {isa = PBXFileReference; lastKnownFileType = sourcecode.c.h; path = UIComponents.h; sourceTree = "<group>"; };
		3DDAA06D28D3661F0015840C /* UIComponents.docc */ = {isa = PBXFileReference; lastKnownFileType = folder.documentationcatalog; path = UIComponents.docc; sourceTree = "<group>"; };
		3DDAA07328D3661F0015840C /* UIComponentsTests.xctest */ = {isa = PBXFileReference; explicitFileType = wrapper.cfbundle; includeInIndex = 0; path = UIComponentsTests.xctest; sourceTree = BUILT_PRODUCTS_DIR; };
		3DDAA07828D3661F0015840C /* UIComponentsTests.swift */ = {isa = PBXFileReference; lastKnownFileType = sourcecode.swift; path = UIComponentsTests.swift; sourceTree = "<group>"; };
		3DDAA12428D3741C0015840C /* FullScreenLoadingView.swift */ = {isa = PBXFileReference; lastKnownFileType = sourcecode.swift; path = FullScreenLoadingView.swift; sourceTree = "<group>"; };
/* End PBXFileReference section */

/* Begin PBXFrameworksBuildPhase section */
		3DDAA06628D3661F0015840C /* Frameworks */ = {
			isa = PBXFrameworksBuildPhase;
			buildActionMask = 2147483647;
			files = (
				3D342BBF28DCA0B900BA422F /* UIComponentsPackages in Frameworks */,
			);
			runOnlyForDeploymentPostprocessing = 0;
		};
		3DDAA07028D3661F0015840C /* Frameworks */ = {
			isa = PBXFrameworksBuildPhase;
			buildActionMask = 2147483647;
			files = (
				3DDAA07428D3661F0015840C /* UIComponents.framework in Frameworks */,
			);
			runOnlyForDeploymentPostprocessing = 0;
		};
/* End PBXFrameworksBuildPhase section */

/* Begin PBXGroup section */
		3D342BB328DC9E2200BA422F /* Resources */ = {
			isa = PBXGroup;
			children = (
				3D342BE128DCA59B00BA422F /* Strings */,
				3D342BB528DC9E3400BA422F /* Fonts */,
				3D342BB428DC9E3000BA422F /* Assets */,
			);
			path = Resources;
			sourceTree = "<group>";
		};
		3D342BB428DC9E3000BA422F /* Assets */ = {
			isa = PBXGroup;
			children = (
				3D342BD428DCA56700BA422F /* Assets.swift */,
				3D342BD928DCA56700BA422F /* Colors.xcassets */,
				3D342BD628DCA56700BA422F /* Icons.xcassets */,
				3D342BD728DCA56700BA422F /* Images.xcassets */,
				3D342BD828DCA56700BA422F /* UIColor+Colors.swift */,
				3D342BD528DCA56700BA422F /* UIImage+Icons.swift */,
				3D342BD328DCA56700BA422F /* UIImage+Images.swift */,
			);
			path = Assets;
			sourceTree = "<group>";
		};
		3D342BB528DC9E3400BA422F /* Fonts */ = {
			isa = PBXGroup;
			children = (
				3D342BCB28DCA4FF00BA422F /* Nunito-Bold.ttf */,
				3D342BCD28DCA4FF00BA422F /* Nunito-ExtraBold.ttf */,
				3D342BCC28DCA4FF00BA422F /* Nunito-SemiBold.ttf */,
				3D342BEE28DCA6B300BA422F /* Font+Extensions.swift */,
				3D342BC328DCA40000BA422F /* Fonts.swift */,
			);
			path = Fonts;
			sourceTree = "<group>";
		};
		3D342BBD28DCA0B900BA422F /* Frameworks */ = {
			isa = PBXGroup;
			children = (
			);
			name = Frameworks;
			sourceTree = "<group>";
		};
		3D342BE128DCA59B00BA422F /* Strings */ = {
			isa = PBXGroup;
			children = (
				3D342BE528DCA5A100BA422F /* Componenets.strings */,
				3D342BE428DCA5A100BA422F /* Error.strings */,
				3D342BE328DCA5A100BA422F /* General.strings */,
				3D342BE228DCA5A100BA422F /* Modules.strings */,
				3D342BE628DCA5A100BA422F /* Placeholder.strings */,
				3D342BE728DCA5A200BA422F /* StringConstants.swift */,
			);
			path = Strings;
			sourceTree = "<group>";
		};
		3D6962C528DCAE44004CB727 /* Onboarding */ = {
			isa = PBXGroup;
			children = (
				3D6962C628DCAE54004CB727 /* OnboardingView.swift */,
				3D6962C828DCAE5C004CB727 /* OnboardingViewModel.swift */,
			);
			path = Onboarding;
			sourceTree = "<group>";
		};
		3DAE91C028EF18C4003FF3AA /* Extensions */ = {
			isa = PBXGroup;
			children = (
				3DAE91C128EF18D3003FF3AA /* Color+Extensions.swift */,
				3DAE91C628EF267C003FF3AA /* EnvironmentValues+Extensions.swift */,
				3DAE91C828EF26C3003FF3AA /* UIEdgeInsets+Extensions.swift */,
			);
			path = Extensions;
			sourceTree = "<group>";
		};
		3DAE91C328EF1988003FF3AA /* PageControl */ = {
			isa = PBXGroup;
			children = (
				3DAE91C428EF1996003FF3AA /* PageControl.swift */,
			);
			path = PageControl;
			sourceTree = "<group>";
		};
		3DCBDA2728EF133B00F69962 /* Button */ = {
			isa = PBXGroup;
			children = (
				3DCBDA2828EF135700F69962 /* PrimaryLargeButton.swift */,
			);
			path = Button;
			sourceTree = "<group>";
		};
		3DDAA05F28D3661F0015840C = {
			isa = PBXGroup;
			children = (
				3D342BC128DCA3A900BA422F /* swiftgen.yml */,
				3DDAA06B28D3661F0015840C /* UIComponents */,
				3DDAA07728D3661F0015840C /* UIComponentsTests */,
				3DDAA06A28D3661F0015840C /* Products */,
				3D342BBD28DCA0B900BA422F /* Frameworks */,
			);
			sourceTree = "<group>";
		};
		3DDAA06A28D3661F0015840C /* Products */ = {
			isa = PBXGroup;
			children = (
				3DDAA06928D3661F0015840C /* UIComponents.framework */,
				3DDAA07328D3661F0015840C /* UIComponentsTests.xctest */,
			);
			name = Products;
			sourceTree = "<group>";
		};
		3DDAA06B28D3661F0015840C /* UIComponents */ = {
			isa = PBXGroup;
			children = (
				3DAE91C328EF1988003FF3AA /* PageControl */,
				3DAE91C028EF18C4003FF3AA /* Extensions */,
				3DCBDA2728EF133B00F69962 /* Button */,
				3D6962C528DCAE44004CB727 /* Onboarding */,
				3D342BB328DC9E2200BA422F /* Resources */,
				3DDAA12328D374100015840C /* Loading */,
				3D342BB928DC9EDE00BA422F /* Info.plist */,
				3DDAA06C28D3661F0015840C /* UIComponents.h */,
				3DDAA06D28D3661F0015840C /* UIComponents.docc */,
			);
			path = UIComponents;
			sourceTree = "<group>";
		};
		3DDAA07728D3661F0015840C /* UIComponentsTests */ = {
			isa = PBXGroup;
			children = (
				3DDAA07828D3661F0015840C /* UIComponentsTests.swift */,
			);
			path = UIComponentsTests;
			sourceTree = "<group>";
		};
		3DDAA12328D374100015840C /* Loading */ = {
			isa = PBXGroup;
			children = (
				3DDAA12428D3741C0015840C /* FullScreenLoadingView.swift */,
			);
			path = Loading;
			sourceTree = "<group>";
		};
/* End PBXGroup section */

/* Begin PBXHeadersBuildPhase section */
		3DDAA06428D3661F0015840C /* Headers */ = {
			isa = PBXHeadersBuildPhase;
			buildActionMask = 2147483647;
			files = (
				3DDAA07A28D3661F0015840C /* UIComponents.h in Headers */,
			);
			runOnlyForDeploymentPostprocessing = 0;
		};
/* End PBXHeadersBuildPhase section */

/* Begin PBXNativeTarget section */
		3DDAA06828D3661F0015840C /* UIComponents */ = {
			isa = PBXNativeTarget;
			buildConfigurationList = 3DDAA07D28D3661F0015840C /* Build configuration list for PBXNativeTarget "UIComponents" */;
			buildPhases = (
				3D342BC028DCA27E00BA422F /* SwiftGen */,
				3DDAA06428D3661F0015840C /* Headers */,
				3DDAA06528D3661F0015840C /* Sources */,
				3DDAA06628D3661F0015840C /* Frameworks */,
				3DDAA06728D3661F0015840C /* Resources */,
			);
			buildRules = (
			);
			dependencies = (
			);
			name = UIComponents;
			packageProductDependencies = (
				3D342BBE28DCA0B900BA422F /* UIComponentsPackages */,
			);
			productName = UIComponents;
			productReference = 3DDAA06928D3661F0015840C /* UIComponents.framework */;
			productType = "com.apple.product-type.framework";
		};
		3DDAA07228D3661F0015840C /* UIComponentsTests */ = {
			isa = PBXNativeTarget;
			buildConfigurationList = 3DDAA08028D3661F0015840C /* Build configuration list for PBXNativeTarget "UIComponentsTests" */;
			buildPhases = (
				3DDAA06F28D3661F0015840C /* Sources */,
				3DDAA07028D3661F0015840C /* Frameworks */,
				3DDAA07128D3661F0015840C /* Resources */,
			);
			buildRules = (
			);
			dependencies = (
				3DDAA07628D3661F0015840C /* PBXTargetDependency */,
			);
			name = UIComponentsTests;
			productName = UIComponentsTests;
			productReference = 3DDAA07328D3661F0015840C /* UIComponentsTests.xctest */;
			productType = "com.apple.product-type.bundle.unit-test";
		};
/* End PBXNativeTarget section */

/* Begin PBXProject section */
		3DDAA06028D3661F0015840C /* Project object */ = {
			isa = PBXProject;
			attributes = {
				BuildIndependentTargetsInParallel = 1;
				LastSwiftUpdateCheck = 1400;
				LastUpgradeCheck = 1400;
				TargetAttributes = {
					3DDAA06828D3661F0015840C = {
						CreatedOnToolsVersion = 14.0;
					};
					3DDAA07228D3661F0015840C = {
						CreatedOnToolsVersion = 14.0;
					};
				};
			};
			buildConfigurationList = 3DDAA06328D3661F0015840C /* Build configuration list for PBXProject "UIComponents" */;
			compatibilityVersion = "Xcode 14.0";
			developmentRegion = en;
			hasScannedForEncodings = 0;
			knownRegions = (
				en,
				Base,
			);
			mainGroup = 3DDAA05F28D3661F0015840C;
			productRefGroup = 3DDAA06A28D3661F0015840C /* Products */;
			projectDirPath = "";
			projectRoot = "";
			targets = (
				3DDAA06828D3661F0015840C /* UIComponents */,
				3DDAA07228D3661F0015840C /* UIComponentsTests */,
			);
		};
/* End PBXProject section */

/* Begin PBXResourcesBuildPhase section */
		3DDAA06728D3661F0015840C /* Resources */ = {
			isa = PBXResourcesBuildPhase;
			buildActionMask = 2147483647;
			files = (
				3D342BE828DCA5A200BA422F /* Modules.strings in Resources */,
				3D342BD028DCA4FF00BA422F /* Nunito-ExtraBold.ttf in Resources */,
				3D342BDE28DCA56700BA422F /* Images.xcassets in Resources */,
				3D342BEC28DCA5A200BA422F /* Placeholder.strings in Resources */,
				3D342BCF28DCA4FF00BA422F /* Nunito-SemiBold.ttf in Resources */,
				3D342BEB28DCA5A200BA422F /* Componenets.strings in Resources */,
				3D342BE028DCA56700BA422F /* Colors.xcassets in Resources */,
				3D342BE928DCA5A200BA422F /* General.strings in Resources */,
				3D342BEA28DCA5A200BA422F /* Error.strings in Resources */,
				3D342BDD28DCA56700BA422F /* Icons.xcassets in Resources */,
				3D342BCE28DCA4FF00BA422F /* Nunito-Bold.ttf in Resources */,
			);
			runOnlyForDeploymentPostprocessing = 0;
		};
		3DDAA07128D3661F0015840C /* Resources */ = {
			isa = PBXResourcesBuildPhase;
			buildActionMask = 2147483647;
			files = (
			);
			runOnlyForDeploymentPostprocessing = 0;
		};
/* End PBXResourcesBuildPhase section */

/* Begin PBXShellScriptBuildPhase section */
		3D342BC028DCA27E00BA422F /* SwiftGen */ = {
			isa = PBXShellScriptBuildPhase;
			buildActionMask = 2147483647;
			files = (
			);
			inputFileListPaths = (
			);
			inputPaths = (
			);
			name = SwiftGen;
			outputFileListPaths = (
			);
			outputPaths = (
			);
			runOnlyForDeploymentPostprocessing = 0;
			shellPath = /bin/sh;
			shellScript = "# Type a script or drag a script file from your workspace to insert its path.\nexport PATH=\"$PATH:/opt/homebrew/bin\"\nif which swiftgen > /dev/null; then\n  swiftgen\nelse\n  echo \"error: SwiftGen not installed, download from https://github.com/SwiftGen/SwiftGen\"\n  exit 1\nfi\n";
		};
/* End PBXShellScriptBuildPhase section */

/* Begin PBXSourcesBuildPhase section */
		3DDAA06528D3661F0015840C /* Sources */ = {
			isa = PBXSourcesBuildPhase;
			buildActionMask = 2147483647;
			files = (
				3D342BC428DCA40000BA422F /* Fonts.swift in Sources */,
				3DAE91C728EF267C003FF3AA /* EnvironmentValues+Extensions.swift in Sources */,
				3D342BDF28DCA56700BA422F /* UIColor+Colors.swift in Sources */,
				3D342BEF28DCA6B300BA422F /* Font+Extensions.swift in Sources */,
				3D342BED28DCA5A200BA422F /* StringConstants.swift in Sources */,
				3DCBDA2928EF135700F69962 /* PrimaryLargeButton.swift in Sources */,
				3DAE91C528EF1996003FF3AA /* PageControl.swift in Sources */,
				3D342BDA28DCA56700BA422F /* UIImage+Images.swift in Sources */,
				3D342BDC28DCA56700BA422F /* UIImage+Icons.swift in Sources */,
				3D342BDB28DCA56700BA422F /* Assets.swift in Sources */,
				3D6962C928DCAE5C004CB727 /* OnboardingViewModel.swift in Sources */,
				3DDAA12528D3741C0015840C /* FullScreenLoadingView.swift in Sources */,
				3DAE91C928EF26C3003FF3AA /* UIEdgeInsets+Extensions.swift in Sources */,
				3DDAA06E28D3661F0015840C /* UIComponents.docc in Sources */,
				3DAE91C228EF18D3003FF3AA /* Color+Extensions.swift in Sources */,
				3D342BC228DCA3A900BA422F /* swiftgen.yml in Sources */,
				3D6962C728DCAE54004CB727 /* OnboardingView.swift in Sources */,
			);
			runOnlyForDeploymentPostprocessing = 0;
		};
		3DDAA06F28D3661F0015840C /* Sources */ = {
			isa = PBXSourcesBuildPhase;
			buildActionMask = 2147483647;
			files = (
				3DDAA07928D3661F0015840C /* UIComponentsTests.swift in Sources */,
			);
			runOnlyForDeploymentPostprocessing = 0;
		};
/* End PBXSourcesBuildPhase section */

/* Begin PBXTargetDependency section */
		3DDAA07628D3661F0015840C /* PBXTargetDependency */ = {
			isa = PBXTargetDependency;
			target = 3DDAA06828D3661F0015840C /* UIComponents */;
			targetProxy = 3DDAA07528D3661F0015840C /* PBXContainerItemProxy */;
		};
/* End PBXTargetDependency section */

/* Begin XCBuildConfiguration section */
		3DDAA07B28D3661F0015840C /* Debug */ = {
			isa = XCBuildConfiguration;
			buildSettings = {
				ALWAYS_SEARCH_USER_PATHS = NO;
				CLANG_ANALYZER_NONNULL = YES;
				CLANG_ANALYZER_NUMBER_OBJECT_CONVERSION = YES_AGGRESSIVE;
				CLANG_CXX_LANGUAGE_STANDARD = "gnu++20";
				CLANG_ENABLE_MODULES = YES;
				CLANG_ENABLE_OBJC_ARC = YES;
				CLANG_ENABLE_OBJC_WEAK = YES;
				CLANG_WARN_BLOCK_CAPTURE_AUTORELEASING = YES;
				CLANG_WARN_BOOL_CONVERSION = YES;
				CLANG_WARN_COMMA = YES;
				CLANG_WARN_CONSTANT_CONVERSION = YES;
				CLANG_WARN_DEPRECATED_OBJC_IMPLEMENTATIONS = YES;
				CLANG_WARN_DIRECT_OBJC_ISA_USAGE = YES_ERROR;
				CLANG_WARN_DOCUMENTATION_COMMENTS = YES;
				CLANG_WARN_EMPTY_BODY = YES;
				CLANG_WARN_ENUM_CONVERSION = YES;
				CLANG_WARN_INFINITE_RECURSION = YES;
				CLANG_WARN_INT_CONVERSION = YES;
				CLANG_WARN_NON_LITERAL_NULL_CONVERSION = YES;
				CLANG_WARN_OBJC_IMPLICIT_RETAIN_SELF = YES;
				CLANG_WARN_OBJC_LITERAL_CONVERSION = YES;
				CLANG_WARN_OBJC_ROOT_CLASS = YES_ERROR;
				CLANG_WARN_QUOTED_INCLUDE_IN_FRAMEWORK_HEADER = YES;
				CLANG_WARN_RANGE_LOOP_ANALYSIS = YES;
				CLANG_WARN_STRICT_PROTOTYPES = YES;
				CLANG_WARN_SUSPICIOUS_MOVE = YES;
				CLANG_WARN_UNGUARDED_AVAILABILITY = YES_AGGRESSIVE;
				CLANG_WARN_UNREACHABLE_CODE = YES;
				CLANG_WARN__DUPLICATE_METHOD_MATCH = YES;
				COPY_PHASE_STRIP = NO;
				CURRENT_PROJECT_VERSION = 1;
				DEBUG_INFORMATION_FORMAT = dwarf;
				ENABLE_STRICT_OBJC_MSGSEND = YES;
				ENABLE_TESTABILITY = YES;
				GCC_C_LANGUAGE_STANDARD = gnu11;
				GCC_DYNAMIC_NO_PIC = NO;
				GCC_NO_COMMON_BLOCKS = YES;
				GCC_OPTIMIZATION_LEVEL = 0;
				GCC_PREPROCESSOR_DEFINITIONS = (
					"DEBUG=1",
					"$(inherited)",
				);
				GCC_WARN_64_TO_32_BIT_CONVERSION = YES;
				GCC_WARN_ABOUT_RETURN_TYPE = YES_ERROR;
				GCC_WARN_UNDECLARED_SELECTOR = YES;
				GCC_WARN_UNINITIALIZED_AUTOS = YES_AGGRESSIVE;
				GCC_WARN_UNUSED_FUNCTION = YES;
				GCC_WARN_UNUSED_VARIABLE = YES;
				IPHONEOS_DEPLOYMENT_TARGET = 14.0;
				MTL_ENABLE_DEBUG_INFO = INCLUDE_SOURCE;
				MTL_FAST_MATH = YES;
				ONLY_ACTIVE_ARCH = YES;
				SDKROOT = iphoneos;
				SWIFT_ACTIVE_COMPILATION_CONDITIONS = DEBUG;
				SWIFT_OPTIMIZATION_LEVEL = "-Onone";
				VERSIONING_SYSTEM = "apple-generic";
				VERSION_INFO_PREFIX = "";
			};
			name = Debug;
		};
		3DDAA07C28D3661F0015840C /* Release */ = {
			isa = XCBuildConfiguration;
			buildSettings = {
				ALWAYS_SEARCH_USER_PATHS = NO;
				CLANG_ANALYZER_NONNULL = YES;
				CLANG_ANALYZER_NUMBER_OBJECT_CONVERSION = YES_AGGRESSIVE;
				CLANG_CXX_LANGUAGE_STANDARD = "gnu++20";
				CLANG_ENABLE_MODULES = YES;
				CLANG_ENABLE_OBJC_ARC = YES;
				CLANG_ENABLE_OBJC_WEAK = YES;
				CLANG_WARN_BLOCK_CAPTURE_AUTORELEASING = YES;
				CLANG_WARN_BOOL_CONVERSION = YES;
				CLANG_WARN_COMMA = YES;
				CLANG_WARN_CONSTANT_CONVERSION = YES;
				CLANG_WARN_DEPRECATED_OBJC_IMPLEMENTATIONS = YES;
				CLANG_WARN_DIRECT_OBJC_ISA_USAGE = YES_ERROR;
				CLANG_WARN_DOCUMENTATION_COMMENTS = YES;
				CLANG_WARN_EMPTY_BODY = YES;
				CLANG_WARN_ENUM_CONVERSION = YES;
				CLANG_WARN_INFINITE_RECURSION = YES;
				CLANG_WARN_INT_CONVERSION = YES;
				CLANG_WARN_NON_LITERAL_NULL_CONVERSION = YES;
				CLANG_WARN_OBJC_IMPLICIT_RETAIN_SELF = YES;
				CLANG_WARN_OBJC_LITERAL_CONVERSION = YES;
				CLANG_WARN_OBJC_ROOT_CLASS = YES_ERROR;
				CLANG_WARN_QUOTED_INCLUDE_IN_FRAMEWORK_HEADER = YES;
				CLANG_WARN_RANGE_LOOP_ANALYSIS = YES;
				CLANG_WARN_STRICT_PROTOTYPES = YES;
				CLANG_WARN_SUSPICIOUS_MOVE = YES;
				CLANG_WARN_UNGUARDED_AVAILABILITY = YES_AGGRESSIVE;
				CLANG_WARN_UNREACHABLE_CODE = YES;
				CLANG_WARN__DUPLICATE_METHOD_MATCH = YES;
				COPY_PHASE_STRIP = NO;
				CURRENT_PROJECT_VERSION = 1;
				DEBUG_INFORMATION_FORMAT = "dwarf-with-dsym";
				ENABLE_NS_ASSERTIONS = NO;
				ENABLE_STRICT_OBJC_MSGSEND = YES;
				GCC_C_LANGUAGE_STANDARD = gnu11;
				GCC_NO_COMMON_BLOCKS = YES;
				GCC_WARN_64_TO_32_BIT_CONVERSION = YES;
				GCC_WARN_ABOUT_RETURN_TYPE = YES_ERROR;
				GCC_WARN_UNDECLARED_SELECTOR = YES;
				GCC_WARN_UNINITIALIZED_AUTOS = YES_AGGRESSIVE;
				GCC_WARN_UNUSED_FUNCTION = YES;
				GCC_WARN_UNUSED_VARIABLE = YES;
				IPHONEOS_DEPLOYMENT_TARGET = 14.0;
				MTL_ENABLE_DEBUG_INFO = NO;
				MTL_FAST_MATH = YES;
				SDKROOT = iphoneos;
				SWIFT_COMPILATION_MODE = wholemodule;
				SWIFT_OPTIMIZATION_LEVEL = "-O";
				VALIDATE_PRODUCT = YES;
				VERSIONING_SYSTEM = "apple-generic";
				VERSION_INFO_PREFIX = "";
			};
			name = Release;
		};
		3DDAA07E28D3661F0015840C /* Debug */ = {
			isa = XCBuildConfiguration;
			buildSettings = {
				CODE_SIGN_STYLE = Automatic;
				CURRENT_PROJECT_VERSION = 1;
				DEFINES_MODULE = YES;
				DEVELOPMENT_TEAM = 4PWC9KX3UT;
				DYLIB_COMPATIBILITY_VERSION = 1;
				DYLIB_CURRENT_VERSION = 1;
				DYLIB_INSTALL_NAME_BASE = "@rpath";
				GENERATE_INFOPLIST_FILE = YES;
				INFOPLIST_FILE = UIComponents/Info.plist;
				INFOPLIST_KEY_NSHumanReadableCopyright = "";
				INSTALL_PATH = "$(LOCAL_LIBRARY_DIR)/Frameworks";
				LD_RUNPATH_SEARCH_PATHS = (
					"$(inherited)",
					"@executable_path/Frameworks",
					"@loader_path/Frameworks",
				);
				MARKETING_VERSION = 1.0;
				PRODUCT_BUNDLE_IDENTIFIER = com.mobillium.UIComponents;
				PRODUCT_NAME = "$(TARGET_NAME:c99extidentifier)";
				SKIP_INSTALL = YES;
				SWIFT_EMIT_LOC_STRINGS = YES;
				SWIFT_VERSION = 5.0;
				TARGETED_DEVICE_FAMILY = "1,2";
			};
			name = Debug;
		};
		3DDAA07F28D3661F0015840C /* Release */ = {
			isa = XCBuildConfiguration;
			buildSettings = {
				CODE_SIGN_STYLE = Automatic;
				CURRENT_PROJECT_VERSION = 1;
				DEFINES_MODULE = YES;
				DEVELOPMENT_TEAM = 4PWC9KX3UT;
				DYLIB_COMPATIBILITY_VERSION = 1;
				DYLIB_CURRENT_VERSION = 1;
				DYLIB_INSTALL_NAME_BASE = "@rpath";
				GENERATE_INFOPLIST_FILE = YES;
				INFOPLIST_FILE = UIComponents/Info.plist;
				INFOPLIST_KEY_NSHumanReadableCopyright = "";
				INSTALL_PATH = "$(LOCAL_LIBRARY_DIR)/Frameworks";
				LD_RUNPATH_SEARCH_PATHS = (
					"$(inherited)",
					"@executable_path/Frameworks",
					"@loader_path/Frameworks",
				);
				MARKETING_VERSION = 1.0;
				PRODUCT_BUNDLE_IDENTIFIER = com.mobillium.UIComponents;
				PRODUCT_NAME = "$(TARGET_NAME:c99extidentifier)";
				SKIP_INSTALL = YES;
				SWIFT_EMIT_LOC_STRINGS = YES;
				SWIFT_VERSION = 5.0;
				TARGETED_DEVICE_FAMILY = "1,2";
			};
			name = Release;
		};
		3DDAA08128D3661F0015840C /* Debug */ = {
			isa = XCBuildConfiguration;
			buildSettings = {
				ALWAYS_EMBED_SWIFT_STANDARD_LIBRARIES = YES;
				CODE_SIGN_STYLE = Automatic;
				CURRENT_PROJECT_VERSION = 1;
				DEVELOPMENT_TEAM = 4PWC9KX3UT;
				GENERATE_INFOPLIST_FILE = YES;
				MARKETING_VERSION = 1.0;
				PRODUCT_BUNDLE_IDENTIFIER = com.mobillium.UIComponentsTests;
				PRODUCT_NAME = "$(TARGET_NAME)";
				SWIFT_EMIT_LOC_STRINGS = NO;
				SWIFT_VERSION = 5.0;
				TARGETED_DEVICE_FAMILY = "1,2";
			};
			name = Debug;
		};
		3DDAA08228D3661F0015840C /* Release */ = {
			isa = XCBuildConfiguration;
			buildSettings = {
				ALWAYS_EMBED_SWIFT_STANDARD_LIBRARIES = YES;
				CODE_SIGN_STYLE = Automatic;
				CURRENT_PROJECT_VERSION = 1;
				DEVELOPMENT_TEAM = 4PWC9KX3UT;
				GENERATE_INFOPLIST_FILE = YES;
				MARKETING_VERSION = 1.0;
				PRODUCT_BUNDLE_IDENTIFIER = com.mobillium.UIComponentsTests;
				PRODUCT_NAME = "$(TARGET_NAME)";
				SWIFT_EMIT_LOC_STRINGS = NO;
				SWIFT_VERSION = 5.0;
				TARGETED_DEVICE_FAMILY = "1,2";
			};
			name = Release;
		};
/* End XCBuildConfiguration section */

/* Begin XCConfigurationList section */
		3DDAA06328D3661F0015840C /* Build configuration list for PBXProject "UIComponents" */ = {
			isa = XCConfigurationList;
			buildConfigurations = (
				3DDAA07B28D3661F0015840C /* Debug */,
				3DDAA07C28D3661F0015840C /* Release */,
			);
			defaultConfigurationIsVisible = 0;
			defaultConfigurationName = Release;
		};
		3DDAA07D28D3661F0015840C /* Build configuration list for PBXNativeTarget "UIComponents" */ = {
			isa = XCConfigurationList;
			buildConfigurations = (
				3DDAA07E28D3661F0015840C /* Debug */,
				3DDAA07F28D3661F0015840C /* Release */,
			);
			defaultConfigurationIsVisible = 0;
			defaultConfigurationName = Release;
		};
		3DDAA08028D3661F0015840C /* Build configuration list for PBXNativeTarget "UIComponentsTests" */ = {
			isa = XCConfigurationList;
			buildConfigurations = (
				3DDAA08128D3661F0015840C /* Debug */,
				3DDAA08228D3661F0015840C /* Release */,
			);
			defaultConfigurationIsVisible = 0;
			defaultConfigurationName = Release;
		};
/* End XCConfigurationList section */

/* Begin XCSwiftPackageProductDependency section */
		3D342BBE28DCA0B900BA422F /* UIComponentsPackages */ = {
			isa = XCSwiftPackageProductDependency;
			productName = UIComponentsPackages;
		};
/* End XCSwiftPackageProductDependency section */
	};
	rootObject = 3DDAA06028D3661F0015840C /* Project object */;
}
