PODS:
  - Alamofire (5.4.1)
  - IQKeyboardManagerSwift (6.5.6)
  - Kingfisher (6.2.1)
  - MobilliumBuilders (1.2.0)
  - MobilliumDateFormatter (1.1.0)
  - MobilliumUserDefaults (2.0.0)
  - QuickLayout (3.0.0)
  - Segmentio (4.1)
  - SwiftEntryKit (1.2.7):
    - QuickLayout (= 3.0.0)
  - SwiftGen (6.4.0)
  - SwiftLint (0.42.0)
  - TinyConstraints (4.0.1)

DEPENDENCIES:
  - Alamofire (~> 5.4)
  - IQKeyboardManagerSwift (~> 6.5)
  - Kingfisher (~> 6.2)
  - MobilliumBuilders (~> 1.2)
  - MobilliumDateFormatter (~> 1.1)
  - MobilliumUserDefaults (~> 2.0)
  - Segmentio (~> 4.1)
  - SwiftEntryKit (~> 1.2)
  - SwiftGen (~> 6.4)
  - SwiftLint (~> 0.42)
  - TinyConstraints (~> 4.0)

SPEC REPOS:
  trunk:
    - Alamofire
    - IQKeyboardManagerSwift
    - Kingfisher
    - MobilliumBuilders
    - MobilliumDateFormatter
    - MobilliumUserDefaults
    - QuickLayout
    - Segmentio
    - SwiftEntryKit
    - SwiftGen
    - SwiftLint
    - TinyConstraints

SPEC CHECKSUMS:
  Alamofire: 2291f7d21ca607c491dd17642e5d40fdcda0e65c
  IQKeyboardManagerSwift: c7df9d2deb356c04522f5c4b7b6e4ce4d8ed94fe
  Kingfisher: e71c6fac2aebb1262888cabc2cb13d313362a48f
  MobilliumBuilders: 5c5fbc2ba2f5f2bf9e1bf92a7022e3ddb09ffcaa
  MobilliumDateFormatter: eccff23e7c493446d1600b123afc7a2da0e7b3cb
  MobilliumUserDefaults: 002aa4bb663127d2dcc0814c17430c918a1e1445
  QuickLayout: 07b45a72b10083fee3f095990cfed1c1e7b27f0a
  Segmentio: ab29def64e1bff6e6e9b97671788a99bed3f1d9f
  SwiftEntryKit: 537c92699d6034efb1ef9c32b11e0b37c97aa589
  SwiftGen: 67860cc7c3cfc2ed25b9b74cfd55495fc89f9108
  SwiftLint: 4fa9579c63416865179bc416f0a92d55f009600d
  TinyConstraints: 8dd91295e56797648c7bc335dd20e1d91ec4c192

PODFILE CHECKSUM: 1a8ff5355bf344cf36aa6a8c84aedd6aa5705f88

COCOAPODS: 1.10.1
