PODS:
  - Alamofire (5.4.1)
  - IQKeyboardManagerSwift (6.5.6)
  - MSADateFormatter (1.3.0)
  - MSAUserDefaults (2.0.0)
  - SwiftLint (0.42.0)
  - TinyConstraints (4.0.1)

DEPENDENCIES:
  - Alamofire (~> 5.4)
  - IQKeyboardManagerSwift (~> 6.5)
  - MSADateFormatter (~> 1.3)
  - MSAUserDefaults (~> 2.0)
  - SwiftLint (~> 0.42)
  - TinyConstraints (~> 4.0)

SPEC REPOS:
  trunk:
    - Alamofire
    - IQKeyboardManagerSwift
    - MSADateFormatter
    - MSAUserDefaults
    - SwiftLint
    - TinyConstraints

SPEC CHECKSUMS:
  Alamofire: 2291f7d21ca607c491dd17642e5d40fdcda0e65c
  IQKeyboardManagerSwift: c7df9d2deb356c04522f5c4b7b6e4ce4d8ed94fe
  MSADateFormatter: eeae25700747ef9bd9aea26fa55a2684781daabf
  MSAUserDefaults: b109fc76e840ac2b66b56c506bcc46ef2b8992cc
  SwiftLint: 4fa9579c63416865179bc416f0a92d55f009600d
  TinyConstraints: 8dd91295e56797648c7bc335dd20e1d91ec4c192

PODFILE CHECKSUM: 25220ee32a851d25c9d54947acbad3717d8845de

COCOAPODS: 1.10.1
